
Microsoft Visual Studio Solution File, Format Version 12.00
# Visual Studio Version 17
VisualStudioVersion = 17.1.32414.318
MinimumVisualStudioVersion = 10.0.40219.1
Project("{FAE04EC0-301F-11D3-BF4B-00C04F79EFBC}") = "StoryboardAPI", "StoryboardAPI\StoryboardAPI.csproj", "{C0F7A8B5-D9A1-4CC7-97C8-94AFB81567AA}"
EndProject
Project("{FAE04EC0-301F-11D3-BF4B-00C04F79EFBC}") = "ems.utilities", "StoryboardAPI\ems.utilities\ems.utilities.csproj", "{2EFA6A9B-095E-47BC-9468-43B8ED5A7128}"
EndProject
Project("{FAE04EC0-301F-11D3-BF4B-00C04F79EFBC}") = "ems.system", "StoryboardAPI\ems.system\ems.system.csproj", "{34BC40B6-D2FB-4EDB-B725-63823B44008B}"
EndProject
Global
	GlobalSection(SolutionConfigurationPlatforms) = preSolution
		Debug|Any CPU = Debug|Any CPU
		Release|Any CPU = Release|Any CPU
	EndGlobalSection
	GlobalSection(ProjectConfigurationPlatforms) = postSolution
		{C0F7A8B5-D9A1-4CC7-97C8-94AFB81567AA}.Debug|Any CPU.ActiveCfg = Debug|Any CPU
		{C0F7A8B5-D9A1-4CC7-97C8-94AFB81567AA}.Debug|Any CPU.Build.0 = Debug|Any CPU
		{C0F7A8B5-D9A1-4CC7-97C8-94AFB81567AA}.Release|Any CPU.ActiveCfg = Release|Any CPU
		{C0F7A8B5-D9A1-4CC7-97C8-94AFB81567AA}.Release|Any CPU.Build.0 = Release|Any CPU
		{2EFA6A9B-095E-47BC-9468-43B8ED5A7128}.Debug|Any CPU.ActiveCfg = Debug|Any CPU
		{2EFA6A9B-095E-47BC-9468-43B8ED5A7128}.Debug|Any CPU.Build.0 = Debug|Any CPU
		{2EFA6A9B-095E-47BC-9468-43B8ED5A7128}.Release|Any CPU.ActiveCfg = Release|Any CPU
		{2EFA6A9B-095E-47BC-9468-43B8ED5A7128}.Release|Any CPU.Build.0 = Release|Any CPU
		{34BC40B6-D2FB-4EDB-B725-63823B44008B}.Debug|Any CPU.ActiveCfg = Debug|Any CPU
		{34BC40B6-D2FB-4EDB-B725-63823B44008B}.Debug|Any CPU.Build.0 = Debug|Any CPU
		{34BC40B6-D2FB-4EDB-B725-63823B44008B}.Release|Any CPU.ActiveCfg = Release|Any CPU
		{34BC40B6-D2FB-4EDB-B725-63823B44008B}.Release|Any CPU.Build.0 = Release|Any CPU
	EndGlobalSection
	GlobalSection(SolutionProperties) = preSolution
		HideSolutionNode = FALSE
	EndGlobalSection
	GlobalSection(ExtensibilityGlobals) = postSolution
		SolutionGuid = {F502E7A0-1A18-49AC-B434-664C5E0F8495}
	EndGlobalSection
EndGlobal
